
Microsoft Visual Studio Solution File, Format Version 12.00
# Visual Studio Version 16
VisualStudioVersion = 16.0.29001.49
MinimumVisualStudioVersion = 10.0.40219.1
Project("{FAE04EC0-301F-11D3-BF4B-00C04F79EFBC}") = "Shopping", "Shopping.csproj", "{930698DF-6E4B-42F9-AAB1-0B23C5AEF931}"
EndProject
Global
	GlobalSection(SolutionConfigurationPlatforms) = preSolution
		Debug|Any CPU = Debug|Any CPU
		Release|Any CPU = Release|Any CPU
	EndGlobalSection
	GlobalSection(ProjectConfigurationPlatforms) = postSolution
		{930698DF-6E4B-42F9-AAB1-0B23C5AEF931}.Debug|Any CPU.ActiveCfg = Debug|Any CPU
		{930698DF-6E4B-42F9-AAB1-0B23C5AEF931}.Debug|Any CPU.Build.0 = Debug|Any CPU
		{930698DF-6E4B-42F9-AAB1-0B23C5AEF931}.Release|Any CPU.ActiveCfg = Release|Any CPU
		{930698DF-6E4B-42F9-AAB1-0B23C5AEF931}.Release|Any CPU.Build.0 = Release|Any CPU
	EndGlobalSection
	GlobalSection(SolutionProperties) = preSolution
		HideSolutionNode = FALSE
	EndGlobalSection
	GlobalSection(ExtensibilityGlobals) = postSolution
		SolutionGuid = {326F21A3-6BB4-43F7-B458-7A73BC62D5DB}
	EndGlobalSection
EndGlobal
